// !$*UTF8*$!
{
	archiveVersion = 1;
	classes = {
	};
	objectVersion = 48;
	objects = {

/* Begin PBXBuildFile section */
		8D1BBF401FA8CC00002A36EC /* AppDelegate.m in Sources */ = {isa = PBXBuildFile; fileRef = 8D1BBF3F1FA8CC00002A36EC /* AppDelegate.m */; };
		8D1BBF431FA8CC00002A36EC /* ViewController.m in Sources */ = {isa = PBXBuildFile; fileRef = 8D1BBF421FA8CC00002A36EC /* ViewController.m */; };
		8D1BBF461FA8CC00002A36EC /* Main.storyboard in Resources */ = {isa = PBXBuildFile; fileRef = 8D1BBF441FA8CC00002A36EC /* Main.storyboard */; };
		8D1BBF481FA8CC00002A36EC /* Assets.xcassets in Resources */ = {isa = PBXBuildFile; fileRef = 8D1BBF471FA8CC00002A36EC /* Assets.xcassets */; };
		8D1BBF4B1FA8CC00002A36EC /* LaunchScreen.storyboard in Resources */ = {isa = PBXBuildFile; fileRef = 8D1BBF491FA8CC00002A36EC /* LaunchScreen.storyboard */; };
		8D1BBF4E1FA8CC00002A36EC /* main.m in Sources */ = {isa = PBXBuildFile; fileRef = 8D1BBF4D1FA8CC00002A36EC /* main.m */; };
		8D1BBF581FA8CF55002A36EC /* LTRecorder.m in Sources */ = {isa = PBXBuildFile; fileRef = 8D1BBF571FA8CF55002A36EC /* LTRecorder.m */; };
/* End PBXBuildFile section */

/* Begin PBXFileReference section */
		8D1BBF3B1FA8CC00002A36EC /* LTRecorder.app */ = {isa = PBXFileReference; explicitFileType = wrapper.application; includeInIndex = 0; path = LTRecorder.app; sourceTree = BUILT_PRODUCTS_DIR; };
		8D1BBF3E1FA8CC00002A36EC /* AppDelegate.h */ = {isa = PBXFileReference; lastKnownFileType = sourcecode.c.h; path = AppDelegate.h; sourceTree = "<group>"; };
		8D1BBF3F1FA8CC00002A36EC /* AppDelegate.m */ = {isa = PBXFileReference; lastKnownFileType = sourcecode.c.objc; path = AppDelegate.m; sourceTree = "<group>"; };
		8D1BBF411FA8CC00002A36EC /* ViewController.h */ = {isa = PBXFileReference; lastKnownFileType = sourcecode.c.h; path = ViewController.h; sourceTree = "<group>"; };
		8D1BBF421FA8CC00002A36EC /* ViewController.m */ = {isa = PBXFileReference; lastKnownFileType = sourcecode.c.objc; path = ViewController.m; sourceTree = "<group>"; };
		8D1BBF451FA8CC00002A36EC /* Base */ = {isa = PBXFileReference; lastKnownFileType = file.storyboard; name = Base; path = Base.lproj/Main.storyboard; sourceTree = "<group>"; };
		8D1BBF471FA8CC00002A36EC /* Assets.xcassets */ = {isa = PBXFileReference; lastKnownFileType = folder.assetcatalog; path = Assets.xcassets; sourceTree = "<group>"; };
		8D1BBF4A1FA8CC00002A36EC /* Base */ = {isa = PBXFileReference; lastKnownFileType = file.storyboard; name = Base; path = Base.lproj/LaunchScreen.storyboard; sourceTree = "<group>"; };
		8D1BBF4C1FA8CC00002A36EC /* Info.plist */ = {isa = PBXFileReference; lastKnownFileType = text.plist.xml; path = Info.plist; sourceTree = "<group>"; };
		8D1BBF4D1FA8CC00002A36EC /* main.m */ = {isa = PBXFileReference; lastKnownFileType = sourcecode.c.objc; path = main.m; sourceTree = "<group>"; };
		8D1BBF561FA8CF55002A36EC /* LTRecorder.h */ = {isa = PBXFileReference; lastKnownFileType = sourcecode.c.h; path = LTRecorder.h; sourceTree = "<group>"; };
		8D1BBF571FA8CF55002A36EC /* LTRecorder.m */ = {isa = PBXFileReference; lastKnownFileType = sourcecode.c.objc; path = LTRecorder.m; sourceTree = "<group>"; };
/* End PBXFileReference section */

/* Begin PBXFrameworksBuildPhase section */
		8D1BBF381FA8CC00002A36EC /* Frameworks */ = {
			isa = PBXFrameworksBuildPhase;
			buildActionMask = 2147483647;
			files = (
			);
			runOnlyForDeploymentPostprocessing = 0;
		};
/* End PBXFrameworksBuildPhase section */

/* Begin PBXGroup section */
		8D1BBF321FA8CC00002A36EC = {
			isa = PBXGroup;
			children = (
				8D1BBF3D1FA8CC00002A36EC /* LTRecorder */,
				8D1BBF3C1FA8CC00002A36EC /* Products */,
			);
			sourceTree = "<group>";
		};
		8D1BBF3C1FA8CC00002A36EC /* Products */ = {
			isa = PBXGroup;
			children = (
				8D1BBF3B1FA8CC00002A36EC /* LTRecorder.app */,
			);
			name = Products;
			sourceTree = "<group>";
		};
		8D1BBF3D1FA8CC00002A36EC /* LTRecorder */ = {
			isa = PBXGroup;
			children = (
				8D1BBF541FA8CE9B002A36EC /* Framework */,
				8D1BBF3E1FA8CC00002A36EC /* AppDelegate.h */,
				8D1BBF3F1FA8CC00002A36EC /* AppDelegate.m */,
				8D1BBF411FA8CC00002A36EC /* ViewController.h */,
				8D1BBF421FA8CC00002A36EC /* ViewController.m */,
				8D1BBF441FA8CC00002A36EC /* Main.storyboard */,
				8D1BBF471FA8CC00002A36EC /* Assets.xcassets */,
				8D1BBF491FA8CC00002A36EC /* LaunchScreen.storyboard */,
				8D1BBF4C1FA8CC00002A36EC /* Info.plist */,
				8D1BBF4D1FA8CC00002A36EC /* main.m */,
			);
			path = LTRecorder;
			sourceTree = "<group>";
		};
		8D1BBF541FA8CE9B002A36EC /* Framework */ = {
			isa = PBXGroup;
			children = (
				8D1BBF551FA8CE9B002A36EC /* LTRecorder */,
			);
			path = Framework;
			sourceTree = "<group>";
		};
		8D1BBF551FA8CE9B002A36EC /* LTRecorder */ = {
			isa = PBXGroup;
			children = (
				8D1BBF561FA8CF55002A36EC /* LTRecorder.h */,
				8D1BBF571FA8CF55002A36EC /* LTRecorder.m */,
			);
			path = LTRecorder;
			sourceTree = "<group>";
		};
/* End PBXGroup section */

/* Begin PBXNativeTarget section */
		8D1BBF3A1FA8CC00002A36EC /* LTRecorder */ = {
			isa = PBXNativeTarget;
			buildConfigurationList = 8D1BBF511FA8CC00002A36EC /* Build configuration list for PBXNativeTarget "LTRecorder" */;
			buildPhases = (
				8D1BBF371FA8CC00002A36EC /* Sources */,
				8D1BBF381FA8CC00002A36EC /* Frameworks */,
				8D1BBF391FA8CC00002A36EC /* Resources */,
			);
			buildRules = (
			);
			dependencies = (
			);
			name = LTRecorder;
			productName = LTRecorder;
			productReference = 8D1BBF3B1FA8CC00002A36EC /* LTRecorder.app */;
			productType = "com.apple.product-type.application";
		};
/* End PBXNativeTarget section */

/* Begin PBXProject section */
		8D1BBF331FA8CC00002A36EC /* Project object */ = {
			isa = PBXProject;
			attributes = {
				CLASSPREFIX = LT;
				LastUpgradeCheck = 0900;
				ORGANIZATIONNAME = LryMlt;
				TargetAttributes = {
					8D1BBF3A1FA8CC00002A36EC = {
						CreatedOnToolsVersion = 9.0.1;
						ProvisioningStyle = Automatic;
					};
				};
			};
			buildConfigurationList = 8D1BBF361FA8CC00002A36EC /* Build configuration list for PBXProject "LTRecorder" */;
			compatibilityVersion = "Xcode 8.0";
			developmentRegion = en;
			hasScannedForEncodings = 0;
			knownRegions = (
				en,
				Base,
			);
			mainGroup = 8D1BBF321FA8CC00002A36EC;
			productRefGroup = 8D1BBF3C1FA8CC00002A36EC /* Products */;
			projectDirPath = "";
			projectRoot = "";
			targets = (
				8D1BBF3A1FA8CC00002A36EC /* LTRecorder */,
			);
		};
/* End PBXProject section */

/* Begin PBXResourcesBuildPhase section */
		8D1BBF391FA8CC00002A36EC /* Resources */ = {
			isa = PBXResourcesBuildPhase;
			buildActionMask = 2147483647;
			files = (
				8D1BBF4B1FA8CC00002A36EC /* LaunchScreen.storyboard in Resources */,
				8D1BBF481FA8CC00002A36EC /* Assets.xcassets in Resources */,
				8D1BBF461FA8CC00002A36EC /* Main.storyboard in Resources */,
			);
			runOnlyForDeploymentPostprocessing = 0;
		};
/* End PBXResourcesBuildPhase section */

/* Begin PBXSourcesBuildPhase section */
		8D1BBF371FA8CC00002A36EC /* Sources */ = {
			isa = PBXSourcesBuildPhase;
			buildActionMask = 2147483647;
			files = (
				8D1BBF431FA8CC00002A36EC /* ViewController.m in Sources */,
				8D1BBF581FA8CF55002A36EC /* LTRecorder.m in Sources */,
				8D1BBF4E1FA8CC00002A36EC /* main.m in Sources */,
				8D1BBF401FA8CC00002A36EC /* AppDelegate.m in Sources */,
			);
			runOnlyForDeploymentPostprocessing = 0;
		};
/* End PBXSourcesBuildPhase section */

/* Begin PBXVariantGroup section */
		8D1BBF441FA8CC00002A36EC /* Main.storyboard */ = {
			isa = PBXVariantGroup;
			children = (
				8D1BBF451FA8CC00002A36EC /* Base */,
			);
			name = Main.storyboard;
			sourceTree = "<group>";
		};
		8D1BBF491FA8CC00002A36EC /* LaunchScreen.storyboard */ = {
			isa = PBXVariantGroup;
			children = (
				8D1BBF4A1FA8CC00002A36EC /* Base */,
			);
			name = LaunchScreen.storyboard;
			sourceTree = "<group>";
		};
/* End PBXVariantGroup section */

/* Begin XCBuildConfiguration section */
		8D1BBF4F1FA8CC00002A36EC /* Debug */ = {
			isa = XCBuildConfiguration;
			buildSettings = {
				ALWAYS_SEARCH_USER_PATHS = NO;
				CLANG_ANALYZER_NONNULL = YES;
				CLANG_ANALYZER_NUMBER_OBJECT_CONVERSION = YES_AGGRESSIVE;
				CLANG_CXX_LANGUAGE_STANDARD = "gnu++14";
				CLANG_CXX_LIBRARY = "libc++";
				CLANG_ENABLE_MODULES = YES;
				CLANG_ENABLE_OBJC_ARC = YES;
				CLANG_WARN_BLOCK_CAPTURE_AUTORELEASING = YES;
				CLANG_WARN_BOOL_CONVERSION = YES;
				CLANG_WARN_COMMA = YES;
				CLANG_WARN_CONSTANT_CONVERSION = YES;
				CLANG_WARN_DIRECT_OBJC_ISA_USAGE = YES_ERROR;
				CLANG_WARN_DOCUMENTATION_COMMENTS = YES;
				CLANG_WARN_EMPTY_BODY = YES;
				CLANG_WARN_ENUM_CONVERSION = YES;
				CLANG_WARN_INFINITE_RECURSION = YES;
				CLANG_WARN_INT_CONVERSION = YES;
				CLANG_WARN_NON_LITERAL_NULL_CONVERSION = YES;
				CLANG_WARN_OBJC_LITERAL_CONVERSION = YES;
				CLANG_WARN_OBJC_ROOT_CLASS = YES_ERROR;
				CLANG_WARN_RANGE_LOOP_ANALYSIS = YES;
				CLANG_WARN_STRICT_PROTOTYPES = YES;
				CLANG_WARN_SUSPICIOUS_MOVE = YES;
				CLANG_WARN_UNGUARDED_AVAILABILITY = YES_AGGRESSIVE;
				CLANG_WARN_UNREACHABLE_CODE = YES;
				CLANG_WARN__DUPLICATE_METHOD_MATCH = YES;
				CODE_SIGN_IDENTITY = "iPhone Developer";
				COPY_PHASE_STRIP = NO;
				DEBUG_INFORMATION_FORMAT = dwarf;
				ENABLE_STRICT_OBJC_MSGSEND = YES;
				ENABLE_TESTABILITY = YES;
				GCC_C_LANGUAGE_STANDARD = gnu11;
				GCC_DYNAMIC_NO_PIC = NO;
				GCC_NO_COMMON_BLOCKS = YES;
				GCC_OPTIMIZATION_LEVEL = 0;
				GCC_PREPROCESSOR_DEFINITIONS = (
					"DEBUG=1",
					"$(inherited)",
				);
				GCC_WARN_64_TO_32_BIT_CONVERSION = YES;
				GCC_WARN_ABOUT_RETURN_TYPE = YES_ERROR;
				GCC_WARN_UNDECLARED_SELECTOR = YES;
				GCC_WARN_UNINITIALIZED_AUTOS = YES_AGGRESSIVE;
				GCC_WARN_UNUSED_FUNCTION = YES;
				GCC_WARN_UNUSED_VARIABLE = YES;
				IPHONEOS_DEPLOYMENT_TARGET = 11.0;
				MTL_ENABLE_DEBUG_INFO = YES;
				ONLY_ACTIVE_ARCH = YES;
				SDKROOT = iphoneos;
			};
			name = Debug;
		};
		8D1BBF501FA8CC00002A36EC /* Release */ = {
			isa = XCBuildConfiguration;
			buildSettings = {
				ALWAYS_SEARCH_USER_PATHS = NO;
				CLANG_ANALYZER_NONNULL = YES;
				CLANG_ANALYZER_NUMBER_OBJECT_CONVERSION = YES_AGGRESSIVE;
				CLANG_CXX_LANGUAGE_STANDARD = "gnu++14";
				CLANG_CXX_LIBRARY = "libc++";
				CLANG_ENABLE_MODULES = YES;
				CLANG_ENABLE_OBJC_ARC = YES;
				CLANG_WARN_BLOCK_CAPTURE_AUTORELEASING = YES;
				CLANG_WARN_BOOL_CONVERSION = YES;
				CLANG_WARN_COMMA = YES;
				CLANG_WARN_CONSTANT_CONVERSION = YES;
				CLANG_WARN_DIRECT_OBJC_ISA_USAGE = YES_ERROR;
				CLANG_WARN_DOCUMENTATION_COMMENTS = YES;
				CLANG_WARN_EMPTY_BODY = YES;
				CLANG_WARN_ENUM_CONVERSION = YES;
				CLANG_WARN_INFINITE_RECURSION = YES;
				CLANG_WARN_INT_CONVERSION = YES;
				CLANG_WARN_NON_LITERAL_NULL_CONVERSION = YES;
				CLANG_WARN_OBJC_LITERAL_CONVERSION = YES;
				CLANG_WARN_OBJC_ROOT_CLASS = YES_ERROR;
				CLANG_WARN_RANGE_LOOP_ANALYSIS = YES;
				CLANG_WARN_STRICT_PROTOTYPES = YES;
				CLANG_WARN_SUSPICIOUS_MOVE = YES;
				CLANG_WARN_UNGUARDED_AVAILABILITY = YES_AGGRESSIVE;
				CLANG_WARN_UNREACHABLE_CODE = YES;
				CLANG_WARN__DUPLICATE_METHOD_MATCH = YES;
				CODE_SIGN_IDENTITY = "iPhone Developer";
				COPY_PHASE_STRIP = NO;
				DEBUG_INFORMATION_FORMAT = "dwarf-with-dsym";
				ENABLE_NS_ASSERTIONS = NO;
				ENABLE_STRICT_OBJC_MSGSEND = YES;
				GCC_C_LANGUAGE_STANDARD = gnu11;
				GCC_NO_COMMON_BLOCKS = YES;
				GCC_WARN_64_TO_32_BIT_CONVERSION = YES;
				GCC_WARN_ABOUT_RETURN_TYPE = YES_ERROR;
				GCC_WARN_UNDECLARED_SELECTOR = YES;
				GCC_WARN_UNINITIALIZED_AUTOS = YES_AGGRESSIVE;
				GCC_WARN_UNUSED_FUNCTION = YES;
				GCC_WARN_UNUSED_VARIABLE = YES;
				IPHONEOS_DEPLOYMENT_TARGET = 11.0;
				MTL_ENABLE_DEBUG_INFO = NO;
				SDKROOT = iphoneos;
				VALIDATE_PRODUCT = YES;
			};
			name = Release;
		};
		8D1BBF521FA8CC00002A36EC /* Debug */ = {
			isa = XCBuildConfiguration;
			buildSettings = {
				ASSETCATALOG_COMPILER_APPICON_NAME = AppIcon;
				CODE_SIGN_STYLE = Automatic;
				DEVELOPMENT_TEAM = 69M2LTLWFX;
				INFOPLIST_FILE = LTRecorder/Info.plist;
				LD_RUNPATH_SEARCH_PATHS = "$(inherited) @executable_path/Frameworks";
				PRODUCT_BUNDLE_IDENTIFIER = cn.lrymlt.LTRecorder;
				PRODUCT_NAME = "$(TARGET_NAME)";
				TARGETED_DEVICE_FAMILY = "1,2";
			};
			name = Debug;
		};
		8D1BBF531FA8CC00002A36EC /* Release */ = {
			isa = XCBuildConfiguration;
			buildSettings = {
				ASSETCATALOG_COMPILER_APPICON_NAME = AppIcon;
				CODE_SIGN_STYLE = Automatic;
				DEVELOPMENT_TEAM = 69M2LTLWFX;
				INFOPLIST_FILE = LTRecorder/Info.plist;
				LD_RUNPATH_SEARCH_PATHS = "$(inherited) @executable_path/Frameworks";
				PRODUCT_BUNDLE_IDENTIFIER = cn.lrymlt.LTRecorder;
				PRODUCT_NAME = "$(TARGET_NAME)";
				TARGETED_DEVICE_FAMILY = "1,2";
			};
			name = Release;
		};
/* End XCBuildConfiguration section */

/* Begin XCConfigurationList section */
		8D1BBF361FA8CC00002A36EC /* Build configuration list for PBXProject "LTRecorder" */ = {
			isa = XCConfigurationList;
			buildConfigurations = (
				8D1BBF4F1FA8CC00002A36EC /* Debug */,
				8D1BBF501FA8CC00002A36EC /* Release */,
			);
			defaultConfigurationIsVisible = 0;
			defaultConfigurationName = Release;
		};
		8D1BBF511FA8CC00002A36EC /* Build configuration list for PBXNativeTarget "LTRecorder" */ = {
			isa = XCConfigurationList;
			buildConfigurations = (
				8D1BBF521FA8CC00002A36EC /* Debug */,
				8D1BBF531FA8CC00002A36EC /* Release */,
			);
			defaultConfigurationIsVisible = 0;
			defaultConfigurationName = Release;
		};
/* End XCConfigurationList section */
	};
	rootObject = 8D1BBF331FA8CC00002A36EC /* Project object */;
}
